
Microsoft Visual Studio Solution File, Format Version 12.00
# Visual Studio 2013
VisualStudioVersion = 12.0.40629.0
MinimumVisualStudioVersion = 10.0.40219.1
Project("{FAE04EC0-301F-11D3-BF4B-00C04F79EFBC}") = "DeliveryMonitoringSystem", "DeliveryMonitoringSystem\DeliveryMonitoringSystem.csproj", "{DE1DD259-C337-48C0-8068-8866412F6515}"
EndProject
Project("{FAE04EC0-301F-11D3-BF4B-00C04F79EFBC}") = "MetroFramework", "MetroFramework\MetroFramework.csproj", "{BB41AC8B-CBED-4387-A7E0-4567EDB3F57F}"
EndProject
Project("{FAE04EC0-301F-11D3-BF4B-00C04F79EFBC}") = "MetroFramework.Design", "MetroFramework.Design\MetroFramework.Design.csproj", "{7316584D-9A16-4280-A8AB-6D45198C6E4D}"
EndProject
Project("{FAE04EC0-301F-11D3-BF4B-00C04F79EFBC}") = "MetroFramework.Fonts", "MetroFramework.Fonts\MetroFramework.Fonts.csproj", "{5A2FCAE8-C2FA-41BD-90EA-16103EA07B26}"
EndProject
Project("{FAE04EC0-301F-11D3-BF4B-00C04F79EFBC}") = "ClsLibBusiness", "ClsLibBusiness\ClsLibBusiness.csproj", "{6D2D2179-36DD-4F30-93B4-F25751F6A979}"
EndProject
Project("{FAE04EC0-301F-11D3-BF4B-00C04F79EFBC}") = "ClsLibInterface", "ClsLibInterface\ClsLibInterface.csproj", "{802A96C3-976D-443B-9CDB-C093C4391470}"
EndProject
Project("{FAE04EC0-301F-11D3-BF4B-00C04F79EFBC}") = "ClsLibDataAccess", "ClsLibDataAccess\ClsLibDataAccess.csproj", "{E5C98339-91C8-473F-974E-063597B340EA}"
EndProject
Project("{FAE04EC0-301F-11D3-BF4B-00C04F79EFBC}") = "ClsLibConnection", "ClsLibConnection\ClsLibConnection.csproj", "{29C253F7-27F4-4984-A2A3-0417F5E4FC03}"
EndProject
Project("{6141683F-8A12-4E36-9623-2EB02B2C2303}") = "SetupFile", "SetupFile\SetupFile.isproj", "{575C28FF-3CA8-4490-992D-10B331EC9044}"
	ProjectSection(ProjectDependencies) = postProject
		{DE1DD259-C337-48C0-8068-8866412F6515} = {DE1DD259-C337-48C0-8068-8866412F6515}
	EndProjectSection
EndProject
Global
	GlobalSection(SolutionConfigurationPlatforms) = preSolution
		CD_ROM|Any CPU = CD_ROM|Any CPU
		CD_ROM|x86 = CD_ROM|x86
		Debug|Any CPU = Debug|Any CPU
		Debug|x86 = Debug|x86
		DVD-5|Any CPU = DVD-5|Any CPU
		DVD-5|x86 = DVD-5|x86
		Release|Any CPU = Release|Any CPU
		Release|x86 = Release|x86
		SingleImage|Any CPU = SingleImage|Any CPU
		SingleImage|x86 = SingleImage|x86
	EndGlobalSection
	GlobalSection(ProjectConfigurationPlatforms) = postSolution
		{DE1DD259-C337-48C0-8068-8866412F6515}.CD_ROM|Any CPU.ActiveCfg = Release|Any CPU
		{DE1DD259-C337-48C0-8068-8866412F6515}.CD_ROM|Any CPU.Build.0 = Release|Any CPU
		{DE1DD259-C337-48C0-8068-8866412F6515}.CD_ROM|x86.ActiveCfg = Release|Any CPU
		{DE1DD259-C337-48C0-8068-8866412F6515}.Debug|Any CPU.ActiveCfg = Debug|Any CPU
		{DE1DD259-C337-48C0-8068-8866412F6515}.Debug|Any CPU.Build.0 = Debug|Any CPU
		{DE1DD259-C337-48C0-8068-8866412F6515}.Debug|x86.ActiveCfg = Debug|Any CPU
		{DE1DD259-C337-48C0-8068-8866412F6515}.DVD-5|Any CPU.ActiveCfg = Debug|Any CPU
		{DE1DD259-C337-48C0-8068-8866412F6515}.DVD-5|Any CPU.Build.0 = Debug|Any CPU
		{DE1DD259-C337-48C0-8068-8866412F6515}.DVD-5|x86.ActiveCfg = Debug|Any CPU
		{DE1DD259-C337-48C0-8068-8866412F6515}.Release|Any CPU.ActiveCfg = Release|Any CPU
		{DE1DD259-C337-48C0-8068-8866412F6515}.Release|Any CPU.Build.0 = Release|Any CPU
		{DE1DD259-C337-48C0-8068-8866412F6515}.Release|x86.ActiveCfg = Release|Any CPU
		{DE1DD259-C337-48C0-8068-8866412F6515}.SingleImage|Any CPU.ActiveCfg = Release|Any CPU
		{DE1DD259-C337-48C0-8068-8866412F6515}.SingleImage|Any CPU.Build.0 = Release|Any CPU
		{DE1DD259-C337-48C0-8068-8866412F6515}.SingleImage|x86.ActiveCfg = Release|Any CPU
		{BB41AC8B-CBED-4387-A7E0-4567EDB3F57F}.CD_ROM|Any CPU.ActiveCfg = Release|Any CPU
		{BB41AC8B-CBED-4387-A7E0-4567EDB3F57F}.CD_ROM|Any CPU.Build.0 = Release|Any CPU
		{BB41AC8B-CBED-4387-A7E0-4567EDB3F57F}.CD_ROM|x86.ActiveCfg = Release|x86
		{BB41AC8B-CBED-4387-A7E0-4567EDB3F57F}.CD_ROM|x86.Build.0 = Release|x86
		{BB41AC8B-CBED-4387-A7E0-4567EDB3F57F}.Debug|Any CPU.ActiveCfg = Debug|Any CPU
		{BB41AC8B-CBED-4387-A7E0-4567EDB3F57F}.Debug|Any CPU.Build.0 = Debug|Any CPU
		{BB41AC8B-CBED-4387-A7E0-4567EDB3F57F}.Debug|x86.ActiveCfg = Debug|x86
		{BB41AC8B-CBED-4387-A7E0-4567EDB3F57F}.Debug|x86.Build.0 = Debug|x86
		{BB41AC8B-CBED-4387-A7E0-4567EDB3F57F}.DVD-5|Any CPU.ActiveCfg = Debug|Any CPU
		{BB41AC8B-CBED-4387-A7E0-4567EDB3F57F}.DVD-5|Any CPU.Build.0 = Debug|Any CPU
		{BB41AC8B-CBED-4387-A7E0-4567EDB3F57F}.DVD-5|x86.ActiveCfg = Debug|x86
		{BB41AC8B-CBED-4387-A7E0-4567EDB3F57F}.DVD-5|x86.Build.0 = Debug|x86
		{BB41AC8B-CBED-4387-A7E0-4567EDB3F57F}.Release|Any CPU.ActiveCfg = Release|Any CPU
		{BB41AC8B-CBED-4387-A7E0-4567EDB3F57F}.Release|Any CPU.Build.0 = Release|Any CPU
		{BB41AC8B-CBED-4387-A7E0-4567EDB3F57F}.Release|x86.ActiveCfg = Release|x86
		{BB41AC8B-CBED-4387-A7E0-4567EDB3F57F}.Release|x86.Build.0 = Release|x86
		{BB41AC8B-CBED-4387-A7E0-4567EDB3F57F}.SingleImage|Any CPU.ActiveCfg = Release|Any CPU
		{BB41AC8B-CBED-4387-A7E0-4567EDB3F57F}.SingleImage|Any CPU.Build.0 = Release|Any CPU
		{BB41AC8B-CBED-4387-A7E0-4567EDB3F57F}.SingleImage|x86.ActiveCfg = Release|x86
		{BB41AC8B-CBED-4387-A7E0-4567EDB3F57F}.SingleImage|x86.Build.0 = Release|x86
		{7316584D-9A16-4280-A8AB-6D45198C6E4D}.CD_ROM|Any CPU.ActiveCfg = Release|Any CPU
		{7316584D-9A16-4280-A8AB-6D45198C6E4D}.CD_ROM|Any CPU.Build.0 = Release|Any CPU
		{7316584D-9A16-4280-A8AB-6D45198C6E4D}.CD_ROM|x86.ActiveCfg = Release|Any CPU
		{7316584D-9A16-4280-A8AB-6D45198C6E4D}.Debug|Any CPU.ActiveCfg = Debug|Any CPU
		{7316584D-9A16-4280-A8AB-6D45198C6E4D}.Debug|Any CPU.Build.0 = Debug|Any CPU
		{7316584D-9A16-4280-A8AB-6D45198C6E4D}.Debug|x86.ActiveCfg = Debug|Any CPU
		{7316584D-9A16-4280-A8AB-6D45198C6E4D}.DVD-5|Any CPU.ActiveCfg = Debug|Any CPU
		{7316584D-9A16-4280-A8AB-6D45198C6E4D}.DVD-5|Any CPU.Build.0 = Debug|Any CPU
		{7316584D-9A16-4280-A8AB-6D45198C6E4D}.DVD-5|x86.ActiveCfg = Debug|Any CPU
		{7316584D-9A16-4280-A8AB-6D45198C6E4D}.Release|Any CPU.ActiveCfg = Release|Any CPU
		{7316584D-9A16-4280-A8AB-6D45198C6E4D}.Release|Any CPU.Build.0 = Release|Any CPU
		{7316584D-9A16-4280-A8AB-6D45198C6E4D}.Release|x86.ActiveCfg = Release|Any CPU
		{7316584D-9A16-4280-A8AB-6D45198C6E4D}.SingleImage|Any CPU.ActiveCfg = Release|Any CPU
		{7316584D-9A16-4280-A8AB-6D45198C6E4D}.SingleImage|Any CPU.Build.0 = Release|Any CPU
		{7316584D-9A16-4280-A8AB-6D45198C6E4D}.SingleImage|x86.ActiveCfg = Release|Any CPU
		{5A2FCAE8-C2FA-41BD-90EA-16103EA07B26}.CD_ROM|Any CPU.ActiveCfg = Release|Any CPU
		{5A2FCAE8-C2FA-41BD-90EA-16103EA07B26}.CD_ROM|Any CPU.Build.0 = Release|Any CPU
		{5A2FCAE8-C2FA-41BD-90EA-16103EA07B26}.CD_ROM|x86.ActiveCfg = Release|Any CPU
		{5A2FCAE8-C2FA-41BD-90EA-16103EA07B26}.Debug|Any CPU.ActiveCfg = Debug|Any CPU
		{5A2FCAE8-C2FA-41BD-90EA-16103EA07B26}.Debug|Any CPU.Build.0 = Debug|Any CPU
		{5A2FCAE8-C2FA-41BD-90EA-16103EA07B26}.Debug|x86.ActiveCfg = Debug|Any CPU
		{5A2FCAE8-C2FA-41BD-90EA-16103EA07B26}.DVD-5|Any CPU.ActiveCfg = Debug|Any CPU
		{5A2FCAE8-C2FA-41BD-90EA-16103EA07B26}.DVD-5|Any CPU.Build.0 = Debug|Any CPU
		{5A2FCAE8-C2FA-41BD-90EA-16103EA07B26}.DVD-5|x86.ActiveCfg = Debug|Any CPU
		{5A2FCAE8-C2FA-41BD-90EA-16103EA07B26}.Release|Any CPU.ActiveCfg = Release|Any CPU
		{5A2FCAE8-C2FA-41BD-90EA-16103EA07B26}.Release|Any CPU.Build.0 = Release|Any CPU
		{5A2FCAE8-C2FA-41BD-90EA-16103EA07B26}.Release|x86.ActiveCfg = Release|Any CPU
		{5A2FCAE8-C2FA-41BD-90EA-16103EA07B26}.SingleImage|Any CPU.ActiveCfg = Release|Any CPU
		{5A2FCAE8-C2FA-41BD-90EA-16103EA07B26}.SingleImage|Any CPU.Build.0 = Release|Any CPU
		{5A2FCAE8-C2FA-41BD-90EA-16103EA07B26}.SingleImage|x86.ActiveCfg = Release|Any CPU
		{6D2D2179-36DD-4F30-93B4-F25751F6A979}.CD_ROM|Any CPU.ActiveCfg = Release|Any CPU
		{6D2D2179-36DD-4F30-93B4-F25751F6A979}.CD_ROM|Any CPU.Build.0 = Release|Any CPU
		{6D2D2179-36DD-4F30-93B4-F25751F6A979}.CD_ROM|x86.ActiveCfg = Release|Any CPU
		{6D2D2179-36DD-4F30-93B4-F25751F6A979}.Debug|Any CPU.ActiveCfg = Debug|Any CPU
		{6D2D2179-36DD-4F30-93B4-F25751F6A979}.Debug|Any CPU.Build.0 = Debug|Any CPU
		{6D2D2179-36DD-4F30-93B4-F25751F6A979}.Debug|x86.ActiveCfg = Debug|Any CPU
		{6D2D2179-36DD-4F30-93B4-F25751F6A979}.DVD-5|Any CPU.ActiveCfg = Debug|Any CPU
		{6D2D2179-36DD-4F30-93B4-F25751F6A979}.DVD-5|Any CPU.Build.0 = Debug|Any CPU
		{6D2D2179-36DD-4F30-93B4-F25751F6A979}.DVD-5|x86.ActiveCfg = Debug|Any CPU
		{6D2D2179-36DD-4F30-93B4-F25751F6A979}.Release|Any CPU.ActiveCfg = Release|Any CPU
		{6D2D2179-36DD-4F30-93B4-F25751F6A979}.Release|Any CPU.Build.0 = Release|Any CPU
		{6D2D2179-36DD-4F30-93B4-F25751F6A979}.Release|x86.ActiveCfg = Release|Any CPU
		{6D2D2179-36DD-4F30-93B4-F25751F6A979}.SingleImage|Any CPU.ActiveCfg = Release|Any CPU
		{6D2D2179-36DD-4F30-93B4-F25751F6A979}.SingleImage|Any CPU.Build.0 = Release|Any CPU
		{6D2D2179-36DD-4F30-93B4-F25751F6A979}.SingleImage|x86.ActiveCfg = Release|Any CPU
		{802A96C3-976D-443B-9CDB-C093C4391470}.CD_ROM|Any CPU.ActiveCfg = Release|Any CPU
		{802A96C3-976D-443B-9CDB-C093C4391470}.CD_ROM|Any CPU.Build.0 = Release|Any CPU
		{802A96C3-976D-443B-9CDB-C093C4391470}.CD_ROM|x86.ActiveCfg = Release|Any CPU
		{802A96C3-976D-443B-9CDB-C093C4391470}.Debug|Any CPU.ActiveCfg = Debug|Any CPU
		{802A96C3-976D-443B-9CDB-C093C4391470}.Debug|Any CPU.Build.0 = Debug|Any CPU
		{802A96C3-976D-443B-9CDB-C093C4391470}.Debug|x86.ActiveCfg = Debug|Any CPU
		{802A96C3-976D-443B-9CDB-C093C4391470}.DVD-5|Any CPU.ActiveCfg = Debug|Any CPU
		{802A96C3-976D-443B-9CDB-C093C4391470}.DVD-5|Any CPU.Build.0 = Debug|Any CPU
		{802A96C3-976D-443B-9CDB-C093C4391470}.DVD-5|x86.ActiveCfg = Debug|Any CPU
		{802A96C3-976D-443B-9CDB-C093C4391470}.Release|Any CPU.ActiveCfg = Release|Any CPU
		{802A96C3-976D-443B-9CDB-C093C4391470}.Release|Any CPU.Build.0 = Release|Any CPU
		{802A96C3-976D-443B-9CDB-C093C4391470}.Release|x86.ActiveCfg = Release|Any CPU
		{802A96C3-976D-443B-9CDB-C093C4391470}.SingleImage|Any CPU.ActiveCfg = Release|Any CPU
		{802A96C3-976D-443B-9CDB-C093C4391470}.SingleImage|Any CPU.Build.0 = Release|Any CPU
		{802A96C3-976D-443B-9CDB-C093C4391470}.SingleImage|x86.ActiveCfg = Release|Any CPU
		{E5C98339-91C8-473F-974E-063597B340EA}.CD_ROM|Any CPU.ActiveCfg = Release|Any CPU
		{E5C98339-91C8-473F-974E-063597B340EA}.CD_ROM|Any CPU.Build.0 = Release|Any CPU
		{E5C98339-91C8-473F-974E-063597B340EA}.CD_ROM|x86.ActiveCfg = Release|Any CPU
		{E5C98339-91C8-473F-974E-063597B340EA}.Debug|Any CPU.ActiveCfg = Debug|Any CPU
		{E5C98339-91C8-473F-974E-063597B340EA}.Debug|Any CPU.Build.0 = Debug|Any CPU
		{E5C98339-91C8-473F-974E-063597B340EA}.Debug|x86.ActiveCfg = Debug|Any CPU
		{E5C98339-91C8-473F-974E-063597B340EA}.DVD-5|Any CPU.ActiveCfg = Debug|Any CPU
		{E5C98339-91C8-473F-974E-063597B340EA}.DVD-5|Any CPU.Build.0 = Debug|Any CPU
		{E5C98339-91C8-473F-974E-063597B340EA}.DVD-5|x86.ActiveCfg = Debug|Any CPU
		{E5C98339-91C8-473F-974E-063597B340EA}.Release|Any CPU.ActiveCfg = Release|Any CPU
		{E5C98339-91C8-473F-974E-063597B340EA}.Release|Any CPU.Build.0 = Release|Any CPU
		{E5C98339-91C8-473F-974E-063597B340EA}.Release|x86.ActiveCfg = Release|Any CPU
		{E5C98339-91C8-473F-974E-063597B340EA}.SingleImage|Any CPU.ActiveCfg = Release|Any CPU
		{E5C98339-91C8-473F-974E-063597B340EA}.SingleImage|Any CPU.Build.0 = Release|Any CPU
		{E5C98339-91C8-473F-974E-063597B340EA}.SingleImage|x86.ActiveCfg = Release|Any CPU
		{29C253F7-27F4-4984-A2A3-0417F5E4FC03}.CD_ROM|Any CPU.ActiveCfg = Release|Any CPU
		{29C253F7-27F4-4984-A2A3-0417F5E4FC03}.CD_ROM|Any CPU.Build.0 = Release|Any CPU
		{29C253F7-27F4-4984-A2A3-0417F5E4FC03}.CD_ROM|x86.ActiveCfg = Release|Any CPU
		{29C253F7-27F4-4984-A2A3-0417F5E4FC03}.Debug|Any CPU.ActiveCfg = Debug|Any CPU
		{29C253F7-27F4-4984-A2A3-0417F5E4FC03}.Debug|Any CPU.Build.0 = Debug|Any CPU
		{29C253F7-27F4-4984-A2A3-0417F5E4FC03}.Debug|x86.ActiveCfg = Debug|Any CPU
		{29C253F7-27F4-4984-A2A3-0417F5E4FC03}.DVD-5|Any CPU.ActiveCfg = Debug|Any CPU
		{29C253F7-27F4-4984-A2A3-0417F5E4FC03}.DVD-5|Any CPU.Build.0 = Debug|Any CPU
		{29C253F7-27F4-4984-A2A3-0417F5E4FC03}.DVD-5|x86.ActiveCfg = Debug|Any CPU
		{29C253F7-27F4-4984-A2A3-0417F5E4FC03}.Release|Any CPU.ActiveCfg = Release|Any CPU
		{29C253F7-27F4-4984-A2A3-0417F5E4FC03}.Release|Any CPU.Build.0 = Release|Any CPU
		{29C253F7-27F4-4984-A2A3-0417F5E4FC03}.Release|x86.ActiveCfg = Release|Any CPU
		{29C253F7-27F4-4984-A2A3-0417F5E4FC03}.SingleImage|Any CPU.ActiveCfg = Release|Any CPU
		{29C253F7-27F4-4984-A2A3-0417F5E4FC03}.SingleImage|Any CPU.Build.0 = Release|Any CPU
		{29C253F7-27F4-4984-A2A3-0417F5E4FC03}.SingleImage|x86.ActiveCfg = Release|Any CPU
		{575C28FF-3CA8-4490-992D-10B331EC9044}.CD_ROM|Any CPU.ActiveCfg = CD_ROM
		{575C28FF-3CA8-4490-992D-10B331EC9044}.CD_ROM|Any CPU.Build.0 = CD_ROM
		{575C28FF-3CA8-4490-992D-10B331EC9044}.CD_ROM|x86.ActiveCfg = CD_ROM
		{575C28FF-3CA8-4490-992D-10B331EC9044}.CD_ROM|x86.Build.0 = CD_ROM
		{575C28FF-3CA8-4490-992D-10B331EC9044}.Debug|Any CPU.ActiveCfg = DVD-5
		{575C28FF-3CA8-4490-992D-10B331EC9044}.Debug|Any CPU.Build.0 = DVD-5
		{575C28FF-3CA8-4490-992D-10B331EC9044}.Debug|x86.ActiveCfg = DVD-5
		{575C28FF-3CA8-4490-992D-10B331EC9044}.Debug|x86.Build.0 = DVD-5
		{575C28FF-3CA8-4490-992D-10B331EC9044}.DVD-5|Any CPU.ActiveCfg = DVD-5
		{575C28FF-3CA8-4490-992D-10B331EC9044}.DVD-5|Any CPU.Build.0 = DVD-5
		{575C28FF-3CA8-4490-992D-10B331EC9044}.DVD-5|x86.ActiveCfg = DVD-5
		{575C28FF-3CA8-4490-992D-10B331EC9044}.DVD-5|x86.Build.0 = DVD-5
		{575C28FF-3CA8-4490-992D-10B331EC9044}.Release|Any CPU.ActiveCfg = SingleImage
		{575C28FF-3CA8-4490-992D-10B331EC9044}.Release|Any CPU.Build.0 = SingleImage
		{575C28FF-3CA8-4490-992D-10B331EC9044}.Release|x86.ActiveCfg = SingleImage
		{575C28FF-3CA8-4490-992D-10B331EC9044}.Release|x86.Build.0 = SingleImage
		{575C28FF-3CA8-4490-992D-10B331EC9044}.SingleImage|Any CPU.ActiveCfg = SingleImage
		{575C28FF-3CA8-4490-992D-10B331EC9044}.SingleImage|Any CPU.Build.0 = SingleImage
		{575C28FF-3CA8-4490-992D-10B331EC9044}.SingleImage|x86.ActiveCfg = SingleImage
		{575C28FF-3CA8-4490-992D-10B331EC9044}.SingleImage|x86.Build.0 = SingleImage
	EndGlobalSection
	GlobalSection(SolutionProperties) = preSolution
		HideSolutionNode = FALSE
	EndGlobalSection
EndGlobal
